
Microsoft Visual Studio Solution File, Format Version 12.00
# Visual Studio 15
VisualStudioVersion = 15.0.27428.2043
MinimumVisualStudioVersion = 10.0.40219.1
Project("{FAE04EC0-301F-11D3-BF4B-00C04F79EFBC}") = "CheckDigitFunction", "CheckDigitFunction\CheckDigitFunction.csproj", "{47C9033F-F65D-4357-89A4-F9BD1D4DD1FA}"
EndProject
Project("{FAE04EC0-301F-11D3-BF4B-00C04F79EFBC}") = "CheckDigitAlg", "CheckDigitAlg\CheckDigitAlg.csproj", "{8DC41DDD-7611-4A4F-B715-506C878D0DE1}"
EndProject
Project("{FAE04EC0-301F-11D3-BF4B-00C04F79EFBC}") = "CheckDigitAlg.Tests", "CheckDigitAlg.Tests\CheckDigitAlg.Tests.csproj", "{B4B5B47B-7E9A-4002-BD16-44CC9B6B22BD}"
EndProject
Global
	GlobalSection(SolutionConfigurationPlatforms) = preSolution
		Debug|Any CPU = Debug|Any CPU
		Release|Any CPU = Release|Any CPU
	EndGlobalSection
	GlobalSection(ProjectConfigurationPlatforms) = postSolution
		{47C9033F-F65D-4357-89A4-F9BD1D4DD1FA}.Debug|Any CPU.ActiveCfg = Debug|Any CPU
		{47C9033F-F65D-4357-89A4-F9BD1D4DD1FA}.Debug|Any CPU.Build.0 = Debug|Any CPU
		{47C9033F-F65D-4357-89A4-F9BD1D4DD1FA}.Release|Any CPU.ActiveCfg = Release|Any CPU
		{47C9033F-F65D-4357-89A4-F9BD1D4DD1FA}.Release|Any CPU.Build.0 = Release|Any CPU
		{8DC41DDD-7611-4A4F-B715-506C878D0DE1}.Debug|Any CPU.ActiveCfg = Debug|Any CPU
		{8DC41DDD-7611-4A4F-B715-506C878D0DE1}.Debug|Any CPU.Build.0 = Debug|Any CPU
		{8DC41DDD-7611-4A4F-B715-506C878D0DE1}.Release|Any CPU.ActiveCfg = Release|Any CPU
		{8DC41DDD-7611-4A4F-B715-506C878D0DE1}.Release|Any CPU.Build.0 = Release|Any CPU
		{B4B5B47B-7E9A-4002-BD16-44CC9B6B22BD}.Debug|Any CPU.ActiveCfg = Debug|Any CPU
		{B4B5B47B-7E9A-4002-BD16-44CC9B6B22BD}.Debug|Any CPU.Build.0 = Debug|Any CPU
		{B4B5B47B-7E9A-4002-BD16-44CC9B6B22BD}.Release|Any CPU.ActiveCfg = Release|Any CPU
		{B4B5B47B-7E9A-4002-BD16-44CC9B6B22BD}.Release|Any CPU.Build.0 = Release|Any CPU
	EndGlobalSection
	GlobalSection(SolutionProperties) = preSolution
		HideSolutionNode = FALSE
	EndGlobalSection
	GlobalSection(ExtensibilityGlobals) = postSolution
		SolutionGuid = {84468916-67BC-4461-A776-8B6DFD934437}
	EndGlobalSection
EndGlobal
